hash: f805fe6309b0adea7c3fad01ebddd2e48bc54f1fb421e2307f38a60810bf34c1
updated: 2017-04-23T11:28:06.735069453+07:00
imports:
- name: github.com/golang/protobuf
  version: 8ee79997227bf9b34611aee7946ae64735e6fd93
  subpackages:
  - proto
  - protoc-gen-go/descriptor
- name: golang.org/x/net
  version: a689eb3bc4b53af70390acc3cf68c9f549b6b8d6
  subpackages:
  - context
  - http2
  - http2/hpack
  - idna
  - internal/timeseries
  - lex/httplex
  - trace
- name: google.golang.org/grpc
  version: 8050b9cbc271307e5a716a9d782803d09b0d6f2d
  subpackages:
  - codes
  - credentials
  - grpclog
  - internal
  - keepalive
  - metadata
  - naming
  - peer
  - reflection
  - reflection/grpc_reflection_v1alpha
  - stats
  - tap
  - transport
testImports: []
